
Microsoft Visual Studio Solution File, Format Version 12.00
# Visual Studio 15
VisualStudioVersion = 15.0.28307.645
MinimumVisualStudioVersion = 10.0.40219.1
Project("{FAE04EC0-301F-11D3-BF4B-00C04F79EFBC}") = "ActionRobot", "ActionRobot\ActionRobot.csproj", "{F7069983-509A-4D35-838C-3A7BE5C3F914}"
EndProject
Global
	GlobalSection(SolutionConfigurationPlatforms) = preSolution
		Debug|Any CPU = Debug|Any CPU
		Release|Any CPU = Release|Any CPU
	EndGlobalSection
	GlobalSection(ProjectConfigurationPlatforms) = postSolution
		{F7069983-509A-4D35-838C-3A7BE5C3F914}.Debug|Any CPU.ActiveCfg = Debug|Any CPU
		{F7069983-509A-4D35-838C-3A7BE5C3F914}.Debug|Any CPU.Build.0 = Debug|Any CPU
		{F7069983-509A-4D35-838C-3A7BE5C3F914}.Release|Any CPU.ActiveCfg = Release|Any CPU
		{F7069983-509A-4D35-838C-3A7BE5C3F914}.Release|Any CPU.Build.0 = Release|Any CPU
	EndGlobalSection
	GlobalSection(SolutionProperties) = preSolution
		HideSolutionNode = FALSE
	EndGlobalSection
	GlobalSection(ExtensibilityGlobals) = postSolution
		SolutionGuid = {2789B369-A71A-4676-8595-4B7D1E569662}
	EndGlobalSection
EndGlobal
